
Microsoft Visual Studio Solution File, Format Version 12.00
# Visual Studio 14
VisualStudioVersion = 14.0.25420.1
MinimumVisualStudioVersion = 10.0.40219.1
Project("{2150E333-8FDC-42A3-9474-1A3956D46DE8}") = "Solution Items", "Solution Items", "{7D71364E-4713-4CA4-B999-82C60C19F95F}"
	ProjectSection(SolutionItems) = preProject
		.gitignore = .gitignore
		.travis.yml = .travis.yml
		appveyor.yml = appveyor.yml
		LICENSE.txt = LICENSE.txt
		README.md = README.md
	EndProjectSection
EndProject
Project("{EDCC3B85-0BAD-11DB-BC1A-00112FDE8B61}") = "KitchenSink.InternalMacros", "KitchenSink.InternalMacros\KitchenSink.InternalMacros.nproj", "{67307836-E091-4FB7-89EC-DE38DB70C773}"
EndProject
Project("{EDCC3B85-0BAD-11DB-BC1A-00112FDE8B61}") = "KitchenSink", "KitchenSink\KitchenSink.nproj", "{87B04190-3B88-41CC-A584-59303F5C5664}"
EndProject
Project("{EDCC3B85-0BAD-11DB-BC1A-00112FDE8B61}") = "KitchenSink.Tests", "KitchenSink.Tests\KitchenSink.Tests.nproj", "{5F30FE0B-C042-442E-8FCC-1B2112597C8C}"
EndProject
Global
	GlobalSection(SolutionConfigurationPlatforms) = preSolution
		Debug|Any CPU = Debug|Any CPU
		Release|Any CPU = Release|Any CPU
	EndGlobalSection
	GlobalSection(ProjectConfigurationPlatforms) = postSolution
		{67307836-E091-4FB7-89EC-DE38DB70C773}.Debug|Any CPU.ActiveCfg = Debug|Any CPU
		{67307836-E091-4FB7-89EC-DE38DB70C773}.Debug|Any CPU.Build.0 = Debug|Any CPU
		{67307836-E091-4FB7-89EC-DE38DB70C773}.Release|Any CPU.ActiveCfg = Release|Any CPU
		{67307836-E091-4FB7-89EC-DE38DB70C773}.Release|Any CPU.Build.0 = Release|Any CPU
		{87B04190-3B88-41CC-A584-59303F5C5664}.Debug|Any CPU.ActiveCfg = Debug|Any CPU
		{87B04190-3B88-41CC-A584-59303F5C5664}.Debug|Any CPU.Build.0 = Debug|Any CPU
		{87B04190-3B88-41CC-A584-59303F5C5664}.Release|Any CPU.ActiveCfg = Release|Any CPU
		{87B04190-3B88-41CC-A584-59303F5C5664}.Release|Any CPU.Build.0 = Release|Any CPU
		{5F30FE0B-C042-442E-8FCC-1B2112597C8C}.Debug|Any CPU.ActiveCfg = Debug|Any CPU
		{5F30FE0B-C042-442E-8FCC-1B2112597C8C}.Debug|Any CPU.Build.0 = Debug|Any CPU
		{5F30FE0B-C042-442E-8FCC-1B2112597C8C}.Release|Any CPU.ActiveCfg = Release|Any CPU
		{5F30FE0B-C042-442E-8FCC-1B2112597C8C}.Release|Any CPU.Build.0 = Release|Any CPU
	EndGlobalSection
	GlobalSection(SolutionProperties) = preSolution
		HideSolutionNode = FALSE
	EndGlobalSection
EndGlobal
