Microsoft Visual Studio Solution File, Format Version 12.00
# Visual Studio 15
VisualStudioVersion = 15.0.27004.2006
MinimumVisualStudioVersion = 10.0.40219.1
Project("{FAE04EC0-301F-11D3-BF4B-00C04F79EFBC}") = "KitchenSink.Lib", "KitchenSink.Lib\KitchenSink.Lib.csproj", "{E993D487-E0D8-44EF-87D8-D335ECAA6CFA}"
EndProject
Project("{FAE04EC0-301F-11D3-BF4B-00C04F79EFBC}") = "KitchenSink.Tests", "KitchenSink.Tests\KitchenSink.Tests.csproj", "{833BBA2C-613E-4730-84B9-0D44DBA3AF55}"
EndProject
Project("{2150E333-8FDC-42A3-9474-1A3956D46DE8}") = "Solution Items", "Solution Items", "{7D71364E-4713-4CA4-B999-82C60C19F95F}"
	ProjectSection(SolutionItems) = preProject
		.gitignore = .gitignore
		.travis.yml = .travis.yml
		appveyor.yml = appveyor.yml
		LICENSE.txt = LICENSE.txt
		README.md = README.md
	EndProjectSection
EndProject
Global
	GlobalSection(SolutionConfigurationPlatforms) = preSolution
		Debug|Any CPU = Debug|Any CPU
		Release|Any CPU = Release|Any CPU
	EndGlobalSection
	GlobalSection(ProjectConfigurationPlatforms) = postSolution
		{E993D487-E0D8-44EF-87D8-D335ECAA6CFA}.Debug|Any CPU.ActiveCfg = Debug|Any CPU
		{E993D487-E0D8-44EF-87D8-D335ECAA6CFA}.Debug|Any CPU.Build.0 = Debug|Any CPU
		{E993D487-E0D8-44EF-87D8-D335ECAA6CFA}.Release|Any CPU.ActiveCfg = Release|Any CPU
		{E993D487-E0D8-44EF-87D8-D335ECAA6CFA}.Release|Any CPU.Build.0 = Release|Any CPU
		{833BBA2C-613E-4730-84B9-0D44DBA3AF55}.Debug|Any CPU.ActiveCfg = Debug|Any CPU
		{833BBA2C-613E-4730-84B9-0D44DBA3AF55}.Debug|Any CPU.Build.0 = Debug|Any CPU
		{833BBA2C-613E-4730-84B9-0D44DBA3AF55}.Release|Any CPU.ActiveCfg = Release|Any CPU
		{833BBA2C-613E-4730-84B9-0D44DBA3AF55}.Release|Any CPU.Build.0 = Release|Any CPU
	EndGlobalSection
	GlobalSection(SolutionProperties) = preSolution
		HideSolutionNode = FALSE
	EndGlobalSection
EndGlobal
